github.com/allanCordeiro/pos-fc-cloud-run v0.0.0-20240418142950-ab1d69d24f3a h1:aAHZUrGoOniXWadNhpZiOBgzplkkg19ZD8gbrpkgj9c=
github.com/allanCordeiro/pos-fc-cloud-run v0.0.0-20240418142950-ab1d69d24f3a/go.mod h1:m7MmFRjK1KNcRS2bepAM8zMbrRcL1eay2Dzvn8cHQTI=
github.com/allanCordeiro/pos-fc-cloud-run v0.0.0-20240504202550-5fb008526f7a h1:VDpoGm+6CrjCK910vOuwHRCN/xuW2kLtNpFKtnc2bgo=
github.com/allanCordeiro/pos-fc-cloud-run v0.0.0-20240504202550-5fb008526f7a/go.mod h1:VsNRypEsittIXG1dI2m3I8tSV3WjQROgJAFypX/bRS0=
